// !$*UTF8*$!
{
	archiveVersion = 1;
	classes = {
	};
	objectVersion = 56;
	objects = {

/* Begin PBXBuildFile section */
		3B1DA60A2A6408EF00C45487 /* RMImageDownloader.swift in Sources */ = {isa = PBXBuildFile; fileRef = 3B1DA6092A6408EF00C45487 /* RMImageDownloader.swift */; };
		3B2B1F5C2A7D5096004D91DD /* RMDateFormatter.swift in Sources */ = {isa = PBXBuildFile; fileRef = 3B2B1F5B2A7D5096004D91DD /* RMDateFormatter.swift */; };
		3B2B1F5E2A7D8780004D91DD /* RMTableLoadingFooterView.swift in Sources */ = {isa = PBXBuildFile; fileRef = 3B2B1F5D2A7D8780004D91DD /* RMTableLoadingFooterView.swift */; };
		3B309ED52A72CBF800AE9D4E /* RMEpisodeTableViewCell.swift in Sources */ = {isa = PBXBuildFile; fileRef = 3B309ED42A72CBF800AE9D4E /* RMEpisodeTableViewCell.swift */; };
		3B309ED92A72D01400AE9D4E /* RMLocationCollectionViewCellViewModel.swift in Sources */ = {isa = PBXBuildFile; fileRef = 3B309ED82A72D01400AE9D4E /* RMLocationCollectionViewCellViewModel.swift */; };
		3B309EDB2A72D04200AE9D4E /* RMEpisodeTableViewCellViewModel.swift in Sources */ = {isa = PBXBuildFile; fileRef = 3B309EDA2A72D04200AE9D4E /* RMEpisodeTableViewCellViewModel.swift */; };
		3B309EDD2A73107500AE9D4E /* RMEpisodeDetailViewController.swift in Sources */ = {isa = PBXBuildFile; fileRef = 3B309EDC2A73107500AE9D4E /* RMEpisodeDetailViewController.swift */; };
		3B3A22EF2A401DD0007E774A /* RMLocationView.swift in Sources */ = {isa = PBXBuildFile; fileRef = 3B3A22EE2A401DD0007E774A /* RMLocationView.swift */; };
		3B4954242A6D71210044EA0D /* RMEpisodeView.swift in Sources */ = {isa = PBXBuildFile; fileRef = 3B4954232A6D71210044EA0D /* RMEpisodeView.swift */; };
		3B49949C2A457B6E00E26570 /* RMCharacterCollectionViewCell.swift in Sources */ = {isa = PBXBuildFile; fileRef = 3B49949B2A457B6E00E26570 /* RMCharacterCollectionViewCell.swift */; };
		3B56A3092A7BD7510060463E /* RMEpisodeDetailViewViewModel.swift in Sources */ = {isa = PBXBuildFile; fileRef = 3B56A3082A7BD7510060463E /* RMEpisodeDetailViewViewModel.swift */; };
		3B56A30B2A7BDC2E0060463E /* RMEpisodeDetailViewInfoCollectionViewCellViewModel.swift in Sources */ = {isa = PBXBuildFile; fileRef = 3B56A30A2A7BDC2E0060463E /* RMEpisodeDetailViewInfoCollectionViewCellViewModel.swift */; };
		3B56A30D2A7C3E0C0060463E /* RMEpisodeDetailViewInfoCollectionViewCell.swift in Sources */ = {isa = PBXBuildFile; fileRef = 3B56A30C2A7C3E0C0060463E /* RMEpisodeDetailViewInfoCollectionViewCell.swift */; };
		3B5765062A471298008C427E /* RMCharacterCollectionViewCellViewModel.swift in Sources */ = {isa = PBXBuildFile; fileRef = 3B5765052A471298008C427E /* RMCharacterCollectionViewCellViewModel.swift */; };
		3B6B16C32A50C18900DE5486 /* RMLocationCollectionViewCell.swift in Sources */ = {isa = PBXBuildFile; fileRef = 3B6B16C22A50C18900DE5486 /* RMLocationCollectionViewCell.swift */; };
		3B6E09722A73E35800B48B02 /* RMEpisodeDetailView.swift in Sources */ = {isa = PBXBuildFile; fileRef = 3B6E09712A73E35800B48B02 /* RMEpisodeDetailView.swift */; };
		3B70330F2A5C33610011C689 /* RMCharacterDetailViewController.swift in Sources */ = {isa = PBXBuildFile; fileRef = 3B70330E2A5C33610011C689 /* RMCharacterDetailViewController.swift */; };
		3B7033112A5C34AD0011C689 /* RMCharacterDetailView.swift in Sources */ = {isa = PBXBuildFile; fileRef = 3B7033102A5C34AD0011C689 /* RMCharacterDetailView.swift */; };
		3B7033132A5C34E20011C689 /* RMCharacterDetailViewViewModel.swift in Sources */ = {isa = PBXBuildFile; fileRef = 3B7033122A5C34E20011C689 /* RMCharacterDetailViewViewModel.swift */; };
		3B75AE052A34B4A400EDFC10 /* RMRequest.swift in Sources */ = {isa = PBXBuildFile; fileRef = 3B75AE042A34B4A400EDFC10 /* RMRequest.swift */; };
		3B75AE072A34B4B000EDFC10 /* RMApiCall.swift in Sources */ = {isa = PBXBuildFile; fileRef = 3B75AE062A34B4B000EDFC10 /* RMApiCall.swift */; };
		3BAC10452A347E9A00986DFC /* AppDelegate.swift in Sources */ = {isa = PBXBuildFile; fileRef = 3BAC10442A347E9A00986DFC /* AppDelegate.swift */; };
		3BAC10472A347E9A00986DFC /* SceneDelegate.swift in Sources */ = {isa = PBXBuildFile; fileRef = 3BAC10462A347E9A00986DFC /* SceneDelegate.swift */; };
		3BAC10492A347E9A00986DFC /* RMTabBarController.swift in Sources */ = {isa = PBXBuildFile; fileRef = 3BAC10482A347E9A00986DFC /* RMTabBarController.swift */; };
		3BAC104E2A347E9B00986DFC /* Assets.xcassets in Resources */ = {isa = PBXBuildFile; fileRef = 3BAC104D2A347E9B00986DFC /* Assets.xcassets */; };
		3BAC10512A347E9B00986DFC /* LaunchScreen.storyboard in Resources */ = {isa = PBXBuildFile; fileRef = 3BAC104F2A347E9B00986DFC /* LaunchScreen.storyboard */; };
		3BAC105C2A347E9B00986DFC /* RickAndMortyTests.swift in Sources */ = {isa = PBXBuildFile; fileRef = 3BAC105B2A347E9B00986DFC /* RickAndMortyTests.swift */; };
		3BAC10662A347E9B00986DFC /* RickAndMortyUITests.swift in Sources */ = {isa = PBXBuildFile; fileRef = 3BAC10652A347E9B00986DFC /* RickAndMortyUITests.swift */; };
		3BAC10682A347E9B00986DFC /* RickAndMortyUITestsLaunchTests.swift in Sources */ = {isa = PBXBuildFile; fileRef = 3BAC10672A347E9B00986DFC /* RickAndMortyUITestsLaunchTests.swift */; };
		3BAC107C2A3480DB00986DFC /* RMCharacterModel.swift in Sources */ = {isa = PBXBuildFile; fileRef = 3BAC107B2A3480DB00986DFC /* RMCharacterModel.swift */; };
		3BAC107E2A3480E800986DFC /* RMLocationModel.swift in Sources */ = {isa = PBXBuildFile; fileRef = 3BAC107D2A3480E800986DFC /* RMLocationModel.swift */; };
		3BAC10802A3480F600986DFC /* RMEpisodeModel.swift in Sources */ = {isa = PBXBuildFile; fileRef = 3BAC107F2A3480F600986DFC /* RMEpisodeModel.swift */; };
		3BAC10822A34847D00986DFC /* RMCharacterViewController.swift in Sources */ = {isa = PBXBuildFile; fileRef = 3BAC10812A34847D00986DFC /* RMCharacterViewController.swift */; };
		3BAC10842A34848E00986DFC /* RMEpisodeViewController.swift in Sources */ = {isa = PBXBuildFile; fileRef = 3BAC10832A34848E00986DFC /* RMEpisodeViewController.swift */; };
		3BE54AA42A5D6C4A001CE3CD /* RMLocationLoaderCollectionReusableView.swift in Sources */ = {isa = PBXBuildFile; fileRef = 3BE54AA32A5D6C4A001CE3CD /* RMLocationLoaderCollectionReusableView.swift */; };
		3BED0A612A699BA00069FCAA /* RMCharacterDetailViewPhotoCollectionViewCell.swift in Sources */ = {isa = PBXBuildFile; fileRef = 3BED0A602A699BA00069FCAA /* RMCharacterDetailViewPhotoCollectionViewCell.swift */; };
		3BED0A632A699BB90069FCAA /* RMCharacterDetailViewInfoCollectionViewCell.swift in Sources */ = {isa = PBXBuildFile; fileRef = 3BED0A622A699BB90069FCAA /* RMCharacterDetailViewInfoCollectionViewCell.swift */; };
		3BED0A672A699C6F0069FCAA /* RMCharacterDetailViewPhotoCollectionViewCellViewModel.swift in Sources */ = {isa = PBXBuildFile; fileRef = 3BED0A662A699C6F0069FCAA /* RMCharacterDetailViewPhotoCollectionViewCellViewModel.swift */; };
		3BED0A692A699C7D0069FCAA /* RMCharacterDetailViewInfoCollectionViewCellViewModel.swift in Sources */ = {isa = PBXBuildFile; fileRef = 3BED0A682A699C7D0069FCAA /* RMCharacterDetailViewInfoCollectionViewCellViewModel.swift */; };
		3BF06EE42A35F7050051B124 /* RMCharacterViewModel.swift in Sources */ = {isa = PBXBuildFile; fileRef = 3BF06EE32A35F7050051B124 /* RMCharacterViewModel.swift */; };
		3BF06EE62A35F7130051B124 /* RMLocationViewModel.swift in Sources */ = {isa = PBXBuildFile; fileRef = 3BF06EE52A35F7130051B124 /* RMLocationViewModel.swift */; };
		3BF06EE82A35F7210051B124 /* RMEpisodeViewModel.swift in Sources */ = {isa = PBXBuildFile; fileRef = 3BF06EE72A35F7210051B124 /* RMEpisodeViewModel.swift */; };
		3BF06EEA2A35FBC80051B124 /* RMCharacterView.swift in Sources */ = {isa = PBXBuildFile; fileRef = 3BF06EE92A35FBC80051B124 /* RMCharacterView.swift */; };
		3BF06EEC2A360FEE0051B124 /* Extensions.swift in Sources */ = {isa = PBXBuildFile; fileRef = 3BF06EEB2A360FEE0051B124 /* Extensions.swift */; };
/* End PBXBuildFile section */

/* Begin PBXContainerItemProxy section */
		3BAC10582A347E9B00986DFC /* PBXContainerItemProxy */ = {
			isa = PBXContainerItemProxy;
			containerPortal = 3BAC10392A347E9A00986DFC /* Project object */;
			proxyType = 1;
			remoteGlobalIDString = 3BAC10402A347E9A00986DFC;
			remoteInfo = RickAndMorty;
		};
		3BAC10622A347E9B00986DFC /* PBXContainerItemProxy */ = {
			isa = PBXContainerItemProxy;
			containerPortal = 3BAC10392A347E9A00986DFC /* Project object */;
			proxyType = 1;
			remoteGlobalIDString = 3BAC10402A347E9A00986DFC;
			remoteInfo = RickAndMorty;
		};
/* End PBXContainerItemProxy section */

/* Begin PBXFileReference section */
		3B1DA6092A6408EF00C45487 /* RMImageDownloader.swift */ = {isa = PBXFileReference; lastKnownFileType = sourcecode.swift; path = RMImageDownloader.swift; sourceTree = "<group>"; };
		3B2B1F5B2A7D5096004D91DD /* RMDateFormatter.swift */ = {isa = PBXFileReference; lastKnownFileType = sourcecode.swift; path = RMDateFormatter.swift; sourceTree = "<group>"; };
		3B2B1F5D2A7D8780004D91DD /* RMTableLoadingFooterView.swift */ = {isa = PBXFileReference; lastKnownFileType = sourcecode.swift; path = RMTableLoadingFooterView.swift; sourceTree = "<group>"; };
		3B309ED42A72CBF800AE9D4E /* RMEpisodeTableViewCell.swift */ = {isa = PBXFileReference; lastKnownFileType = sourcecode.swift; path = RMEpisodeTableViewCell.swift; sourceTree = "<group>"; };
		3B309ED82A72D01400AE9D4E /* RMLocationCollectionViewCellViewModel.swift */ = {isa = PBXFileReference; lastKnownFileType = sourcecode.swift; path = RMLocationCollectionViewCellViewModel.swift; sourceTree = "<group>"; };
		3B309EDA2A72D04200AE9D4E /* RMEpisodeTableViewCellViewModel.swift */ = {isa = PBXFileReference; lastKnownFileType = sourcecode.swift; path = RMEpisodeTableViewCellViewModel.swift; sourceTree = "<group>"; };
		3B309EDC2A73107500AE9D4E /* RMEpisodeDetailViewController.swift */ = {isa = PBXFileReference; lastKnownFileType = sourcecode.swift; path = RMEpisodeDetailViewController.swift; sourceTree = "<group>"; };
		3B3A22EE2A401DD0007E774A /* RMLocationView.swift */ = {isa = PBXFileReference; lastKnownFileType = sourcecode.swift; path = RMLocationView.swift; sourceTree = "<group>"; };
		3B4954232A6D71210044EA0D /* RMEpisodeView.swift */ = {isa = PBXFileReference; lastKnownFileType = sourcecode.swift; path = RMEpisodeView.swift; sourceTree = "<group>"; };
		3B49949B2A457B6E00E26570 /* RMCharacterCollectionViewCell.swift */ = {isa = PBXFileReference; lastKnownFileType = sourcecode.swift; path = RMCharacterCollectionViewCell.swift; sourceTree = "<group>"; };
		3B56A3082A7BD7510060463E /* RMEpisodeDetailViewViewModel.swift */ = {isa = PBXFileReference; lastKnownFileType = sourcecode.swift; path = RMEpisodeDetailViewViewModel.swift; sourceTree = "<group>"; };
		3B56A30A2A7BDC2E0060463E /* RMEpisodeDetailViewInfoCollectionViewCellViewModel.swift */ = {isa = PBXFileReference; lastKnownFileType = sourcecode.swift; path = RMEpisodeDetailViewInfoCollectionViewCellViewModel.swift; sourceTree = "<group>"; };
		3B56A30C2A7C3E0C0060463E /* RMEpisodeDetailViewInfoCollectionViewCell.swift */ = {isa = PBXFileReference; lastKnownFileType = sourcecode.swift; path = RMEpisodeDetailViewInfoCollectionViewCell.swift; sourceTree = "<group>"; };
		3B5765052A471298008C427E /* RMCharacterCollectionViewCellViewModel.swift */ = {isa = PBXFileReference; lastKnownFileType = sourcecode.swift; path = RMCharacterCollectionViewCellViewModel.swift; sourceTree = "<group>"; };
		3B6B16C22A50C18900DE5486 /* RMLocationCollectionViewCell.swift */ = {isa = PBXFileReference; lastKnownFileType = sourcecode.swift; path = RMLocationCollectionViewCell.swift; sourceTree = "<group>"; };
		3B6E09712A73E35800B48B02 /* RMEpisodeDetailView.swift */ = {isa = PBXFileReference; lastKnownFileType = sourcecode.swift; path = RMEpisodeDetailView.swift; sourceTree = "<group>"; };
		3B70330E2A5C33610011C689 /* RMCharacterDetailViewController.swift */ = {isa = PBXFileReference; lastKnownFileType = sourcecode.swift; path = RMCharacterDetailViewController.swift; sourceTree = "<group>"; };
		3B7033102A5C34AD0011C689 /* RMCharacterDetailView.swift */ = {isa = PBXFileReference; lastKnownFileType = sourcecode.swift; path = RMCharacterDetailView.swift; sourceTree = "<group>"; };
		3B7033122A5C34E20011C689 /* RMCharacterDetailViewViewModel.swift */ = {isa = PBXFileReference; lastKnownFileType = sourcecode.swift; path = RMCharacterDetailViewViewModel.swift; sourceTree = "<group>"; };
		3B75AE042A34B4A400EDFC10 /* RMRequest.swift */ = {isa = PBXFileReference; lastKnownFileType = sourcecode.swift; path = RMRequest.swift; sourceTree = "<group>"; };
		3B75AE062A34B4B000EDFC10 /* RMApiCall.swift */ = {isa = PBXFileReference; lastKnownFileType = sourcecode.swift; path = RMApiCall.swift; sourceTree = "<group>"; };
		3BAC10412A347E9A00986DFC /* RickAndMorty.app */ = {isa = PBXFileReference; explicitFileType = wrapper.application; includeInIndex = 0; path = RickAndMorty.app; sourceTree = BUILT_PRODUCTS_DIR; };
		3BAC10442A347E9A00986DFC /* AppDelegate.swift */ = {isa = PBXFileReference; lastKnownFileType = sourcecode.swift; path = AppDelegate.swift; sourceTree = "<group>"; };
		3BAC10462A347E9A00986DFC /* SceneDelegate.swift */ = {isa = PBXFileReference; lastKnownFileType = sourcecode.swift; path = SceneDelegate.swift; sourceTree = "<group>"; };
		3BAC10482A347E9A00986DFC /* RMTabBarController.swift */ = {isa = PBXFileReference; lastKnownFileType = sourcecode.swift; path = RMTabBarController.swift; sourceTree = "<group>"; };
		3BAC104D2A347E9B00986DFC /* Assets.xcassets */ = {isa = PBXFileReference; lastKnownFileType = folder.assetcatalog; path = Assets.xcassets; sourceTree = "<group>"; };
		3BAC10502A347E9B00986DFC /* Base */ = {isa = PBXFileReference; lastKnownFileType = file.storyboard; name = Base; path = Base.lproj/LaunchScreen.storyboard; sourceTree = "<group>"; };
		3BAC10522A347E9B00986DFC /* Info.plist */ = {isa = PBXFileReference; lastKnownFileType = text.plist.xml; path = Info.plist; sourceTree = "<group>"; };
		3BAC10572A347E9B00986DFC /* RickAndMortyTests.xctest */ = {isa = PBXFileReference; explicitFileType = wrapper.cfbundle; includeInIndex = 0; path = RickAndMortyTests.xctest; sourceTree = BUILT_PRODUCTS_DIR; };
		3BAC105B2A347E9B00986DFC /* RickAndMortyTests.swift */ = {isa = PBXFileReference; lastKnownFileType = sourcecode.swift; path = RickAndMortyTests.swift; sourceTree = "<group>"; };
		3BAC10612A347E9B00986DFC /* RickAndMortyUITests.xctest */ = {isa = PBXFileReference; explicitFileType = wrapper.cfbundle; includeInIndex = 0; path = RickAndMortyUITests.xctest; sourceTree = BUILT_PRODUCTS_DIR; };
		3BAC10652A347E9B00986DFC /* RickAndMortyUITests.swift */ = {isa = PBXFileReference; lastKnownFileType = sourcecode.swift; path = RickAndMortyUITests.swift; sourceTree = "<group>"; };
		3BAC10672A347E9B00986DFC /* RickAndMortyUITestsLaunchTests.swift */ = {isa = PBXFileReference; lastKnownFileType = sourcecode.swift; path = RickAndMortyUITestsLaunchTests.swift; sourceTree = "<group>"; };
		3BAC107B2A3480DB00986DFC /* RMCharacterModel.swift */ = {isa = PBXFileReference; lastKnownFileType = sourcecode.swift; path = RMCharacterModel.swift; sourceTree = "<group>"; };
		3BAC107D2A3480E800986DFC /* RMLocationModel.swift */ = {isa = PBXFileReference; lastKnownFileType = sourcecode.swift; path = RMLocationModel.swift; sourceTree = "<group>"; };
		3BAC107F2A3480F600986DFC /* RMEpisodeModel.swift */ = {isa = PBXFileReference; lastKnownFileType = sourcecode.swift; path = RMEpisodeModel.swift; sourceTree = "<group>"; };
		3BAC10812A34847D00986DFC /* RMCharacterViewController.swift */ = {isa = PBXFileReference; lastKnownFileType = sourcecode.swift; path = RMCharacterViewController.swift; sourceTree = "<group>"; };
		3BAC10832A34848E00986DFC /* RMEpisodeViewController.swift */ = {isa = PBXFileReference; lastKnownFileType = sourcecode.swift; path = RMEpisodeViewController.swift; sourceTree = "<group>"; };
		3BE54AA32A5D6C4A001CE3CD /* RMLocationLoaderCollectionReusableView.swift */ = {isa = PBXFileReference; lastKnownFileType = sourcecode.swift; path = RMLocationLoaderCollectionReusableView.swift; sourceTree = "<group>"; };
		3BED0A602A699BA00069FCAA /* RMCharacterDetailViewPhotoCollectionViewCell.swift */ = {isa = PBXFileReference; lastKnownFileType = sourcecode.swift; path = RMCharacterDetailViewPhotoCollectionViewCell.swift; sourceTree = "<group>"; };
		3BED0A622A699BB90069FCAA /* RMCharacterDetailViewInfoCollectionViewCell.swift */ = {isa = PBXFileReference; lastKnownFileType = sourcecode.swift; path = RMCharacterDetailViewInfoCollectionViewCell.swift; sourceTree = "<group>"; };
		3BED0A662A699C6F0069FCAA /* RMCharacterDetailViewPhotoCollectionViewCellViewModel.swift */ = {isa = PBXFileReference; lastKnownFileType = sourcecode.swift; path = RMCharacterDetailViewPhotoCollectionViewCellViewModel.swift; sourceTree = "<group>"; };
		3BED0A682A699C7D0069FCAA /* RMCharacterDetailViewInfoCollectionViewCellViewModel.swift */ = {isa = PBXFileReference; lastKnownFileType = sourcecode.swift; path = RMCharacterDetailViewInfoCollectionViewCellViewModel.swift; sourceTree = "<group>"; };
		3BF06EE32A35F7050051B124 /* RMCharacterViewModel.swift */ = {isa = PBXFileReference; lastKnownFileType = sourcecode.swift; path = RMCharacterViewModel.swift; sourceTree = "<group>"; };
		3BF06EE52A35F7130051B124 /* RMLocationViewModel.swift */ = {isa = PBXFileReference; lastKnownFileType = sourcecode.swift; path = RMLocationViewModel.swift; sourceTree = "<group>"; };
		3BF06EE72A35F7210051B124 /* RMEpisodeViewModel.swift */ = {isa = PBXFileReference; lastKnownFileType = sourcecode.swift; path = RMEpisodeViewModel.swift; sourceTree = "<group>"; };
		3BF06EE92A35FBC80051B124 /* RMCharacterView.swift */ = {isa = PBXFileReference; lastKnownFileType = sourcecode.swift; path = RMCharacterView.swift; sourceTree = "<group>"; };
		3BF06EEB2A360FEE0051B124 /* Extensions.swift */ = {isa = PBXFileReference; lastKnownFileType = sourcecode.swift; path = Extensions.swift; sourceTree = "<group>"; };
/* End PBXFileReference section */

/* Begin PBXFrameworksBuildPhase section */
		3BAC103E2A347E9A00986DFC /* Frameworks */ = {
			isa = PBXFrameworksBuildPhase;
			buildActionMask = 2147483647;
			files = (
			);
			runOnlyForDeploymentPostprocessing = 0;
		};
		3BAC10542A347E9B00986DFC /* Frameworks */ = {
			isa = PBXFrameworksBuildPhase;
			buildActionMask = 2147483647;
			files = (
			);
			runOnlyForDeploymentPostprocessing = 0;
		};
		3BAC105E2A347E9B00986DFC /* Frameworks */ = {
			isa = PBXFrameworksBuildPhase;
			buildActionMask = 2147483647;
			files = (
			);
			runOnlyForDeploymentPostprocessing = 0;
		};
/* End PBXFrameworksBuildPhase section */

/* Begin PBXGroup section */
		3B4954222A6D70CF0044EA0D /* Episode */ = {
			isa = PBXGroup;
			children = (
				3B4954232A6D71210044EA0D /* RMEpisodeView.swift */,
				3B309ED42A72CBF800AE9D4E /* RMEpisodeTableViewCell.swift */,
				3B2B1F5D2A7D8780004D91DD /* RMTableLoadingFooterView.swift */,
			);
			path = Episode;
			sourceTree = "<group>";
		};
		3B56A3072A7BD73B0060463E /* EpisodeDetail */ = {
			isa = PBXGroup;
			children = (
				3B56A3082A7BD7510060463E /* RMEpisodeDetailViewViewModel.swift */,
				3B56A30A2A7BDC2E0060463E /* RMEpisodeDetailViewInfoCollectionViewCellViewModel.swift */,
			);
			path = EpisodeDetail;
			sourceTree = "<group>";
		};
		3B6E09702A73E34000B48B02 /* EpisodeDetail */ = {
			isa = PBXGroup;
			children = (
				3B6E09712A73E35800B48B02 /* RMEpisodeDetailView.swift */,
				3B56A30C2A7C3E0C0060463E /* RMEpisodeDetailViewInfoCollectionViewCell.swift */,
			);
			path = EpisodeDetail;
			sourceTree = "<group>";
		};
		3BAC10382A347E9A00986DFC = {
			isa = PBXGroup;
			children = (
				3BAC10432A347E9A00986DFC /* RickAndMorty */,
				3BAC105A2A347E9B00986DFC /* RickAndMortyTests */,
				3BAC10642A347E9B00986DFC /* RickAndMortyUITests */,
				3BAC10422A347E9A00986DFC /* Products */,
			);
			sourceTree = "<group>";
		};
		3BAC10422A347E9A00986DFC /* Products */ = {
			isa = PBXGroup;
			children = (
				3BAC10412A347E9A00986DFC /* RickAndMorty.app */,
				3BAC10572A347E9B00986DFC /* RickAndMortyTests.xctest */,
				3BAC10612A347E9B00986DFC /* RickAndMortyUITests.xctest */,
			);
			name = Products;
			sourceTree = "<group>";
		};
		3BAC10432A347E9A00986DFC /* RickAndMorty */ = {
			isa = PBXGroup;
			children = (
				3BAC107A2A347FB400986DFC /* Resources */,
				3BAC10792A347FAD00986DFC /* Managers */,
				3BAC10782A347FA500986DFC /* Controllers */,
				3BAC10772A347F9D00986DFC /* Views */,
				3BAC10762A347F9600986DFC /* ViewModels */,
				3BAC10752A347F8B00986DFC /* Services */,
				3BAC10742A347F8600986DFC /* Models */,
				3BAC10522A347E9B00986DFC /* Info.plist */,
			);
			path = RickAndMorty;
			sourceTree = "<group>";
		};
		3BAC105A2A347E9B00986DFC /* RickAndMortyTests */ = {
			isa = PBXGroup;
			children = (
				3BAC105B2A347E9B00986DFC /* RickAndMortyTests.swift */,
			);
			path = RickAndMortyTests;
			sourceTree = "<group>";
		};
		3BAC10642A347E9B00986DFC /* RickAndMortyUITests */ = {
			isa = PBXGroup;
			children = (
				3BAC10652A347E9B00986DFC /* RickAndMortyUITests.swift */,
				3BAC10672A347E9B00986DFC /* RickAndMortyUITestsLaunchTests.swift */,
			);
			path = RickAndMortyUITests;
			sourceTree = "<group>";
		};
		3BAC10742A347F8600986DFC /* Models */ = {
			isa = PBXGroup;
			children = (
				3BAC107B2A3480DB00986DFC /* RMCharacterModel.swift */,
				3BAC107D2A3480E800986DFC /* RMLocationModel.swift */,
				3BAC107F2A3480F600986DFC /* RMEpisodeModel.swift */,
			);
			path = Models;
			sourceTree = "<group>";
		};
		3BAC10752A347F8B00986DFC /* Services */ = {
			isa = PBXGroup;
			children = (
				3B75AE042A34B4A400EDFC10 /* RMRequest.swift */,
				3B75AE062A34B4B000EDFC10 /* RMApiCall.swift */,
			);
			path = Services;
			sourceTree = "<group>";
		};
		3BAC10762A347F9600986DFC /* ViewModels */ = {
			isa = PBXGroup;
			children = (
				3B56A3072A7BD73B0060463E /* EpisodeDetail */,
				3BED0A5F2A699B3D0069FCAA /* Episode */,
				3BED0A5E2A699B2E0069FCAA /* CharacterDetail */,
				3BED0A5D2A699B1F0069FCAA /* Location */,
				3BED0A5C2A699B0E0069FCAA /* Character */,
			);
			path = ViewModels;
			sourceTree = "<group>";
		};
		3BAC10772A347F9D00986DFC /* Views */ = {
			isa = PBXGroup;
			children = (
				3B6E09702A73E34000B48B02 /* EpisodeDetail */,
				3B4954222A6D70CF0044EA0D /* Episode */,
				3BED0A5B2A699AF20069FCAA /* CharacterDetail */,
				3BED0A5A2A699ADC0069FCAA /* Location */,
				3BED0A592A699AC80069FCAA /* Character */,
			);
			path = Views;
			sourceTree = "<group>";
		};
		3BAC10782A347FA500986DFC /* Controllers */ = {
			isa = PBXGroup;
			children = (
				3BAC10482A347E9A00986DFC /* RMTabBarController.swift */,
				3BAC10812A34847D00986DFC /* RMCharacterViewController.swift */,
				3B70330E2A5C33610011C689 /* RMCharacterDetailViewController.swift */,
				3BAC10832A34848E00986DFC /* RMEpisodeViewController.swift */,
				3B309EDC2A73107500AE9D4E /* RMEpisodeDetailViewController.swift */,
			);
			path = Controllers;
			sourceTree = "<group>";
		};
		3BAC10792A347FAD00986DFC /* Managers */ = {
			isa = PBXGroup;
			children = (
				3B1DA6092A6408EF00C45487 /* RMImageDownloader.swift */,
				3B2B1F5B2A7D5096004D91DD /* RMDateFormatter.swift */,
			);
			path = Managers;
			sourceTree = "<group>";
		};
		3BAC107A2A347FB400986DFC /* Resources */ = {
			isa = PBXGroup;
			children = (
				3BAC10442A347E9A00986DFC /* AppDelegate.swift */,
				3BAC10462A347E9A00986DFC /* SceneDelegate.swift */,
				3BAC104D2A347E9B00986DFC /* Assets.xcassets */,
				3BAC104F2A347E9B00986DFC /* LaunchScreen.storyboard */,
				3BF06EEB2A360FEE0051B124 /* Extensions.swift */,
			);
			path = Resources;
			sourceTree = "<group>";
		};
		3BED0A592A699AC80069FCAA /* Character */ = {
			isa = PBXGroup;
			children = (
				3BF06EE92A35FBC80051B124 /* RMCharacterView.swift */,
				3B49949B2A457B6E00E26570 /* RMCharacterCollectionViewCell.swift */,
			);
			path = Character;
			sourceTree = "<group>";
		};
		3BED0A5A2A699ADC0069FCAA /* Location */ = {
			isa = PBXGroup;
			children = (
				3B3A22EE2A401DD0007E774A /* RMLocationView.swift */,
				3B6B16C22A50C18900DE5486 /* RMLocationCollectionViewCell.swift */,
				3BE54AA32A5D6C4A001CE3CD /* RMLocationLoaderCollectionReusableView.swift */,
			);
			path = Location;
			sourceTree = "<group>";
		};
		3BED0A5B2A699AF20069FCAA /* CharacterDetail */ = {
			isa = PBXGroup;
			children = (
				3B7033102A5C34AD0011C689 /* RMCharacterDetailView.swift */,
				3BED0A602A699BA00069FCAA /* RMCharacterDetailViewPhotoCollectionViewCell.swift */,
				3BED0A622A699BB90069FCAA /* RMCharacterDetailViewInfoCollectionViewCell.swift */,
			);
			path = CharacterDetail;
			sourceTree = "<group>";
		};
		3BED0A5C2A699B0E0069FCAA /* Character */ = {
			isa = PBXGroup;
			children = (
				3BF06EE32A35F7050051B124 /* RMCharacterViewModel.swift */,
				3B5765052A471298008C427E /* RMCharacterCollectionViewCellViewModel.swift */,
			);
			path = Character;
			sourceTree = "<group>";
		};
		3BED0A5D2A699B1F0069FCAA /* Location */ = {
			isa = PBXGroup;
			children = (
				3BF06EE52A35F7130051B124 /* RMLocationViewModel.swift */,
				3B309ED82A72D01400AE9D4E /* RMLocationCollectionViewCellViewModel.swift */,
			);
			path = Location;
			sourceTree = "<group>";
		};
		3BED0A5E2A699B2E0069FCAA /* CharacterDetail */ = {
			isa = PBXGroup;
			children = (
				3B7033122A5C34E20011C689 /* RMCharacterDetailViewViewModel.swift */,
				3BED0A662A699C6F0069FCAA /* RMCharacterDetailViewPhotoCollectionViewCellViewModel.swift */,
				3BED0A682A699C7D0069FCAA /* RMCharacterDetailViewInfoCollectionViewCellViewModel.swift */,
			);
			path = CharacterDetail;
			sourceTree = "<group>";
		};
		3BED0A5F2A699B3D0069FCAA /* Episode */ = {
			isa = PBXGroup;
			children = (
				3BF06EE72A35F7210051B124 /* RMEpisodeViewModel.swift */,
				3B309EDA2A72D04200AE9D4E /* RMEpisodeTableViewCellViewModel.swift */,
			);
			path = Episode;
			sourceTree = "<group>";
		};
/* End PBXGroup section */

/* Begin PBXNativeTarget section */
		3BAC10402A347E9A00986DFC /* RickAndMorty */ = {
			isa = PBXNativeTarget;
			buildConfigurationList = 3BAC106B2A347E9B00986DFC /* Build configuration list for PBXNativeTarget "RickAndMorty" */;
			buildPhases = (
				3BAC103D2A347E9A00986DFC /* Sources */,
				3BAC103E2A347E9A00986DFC /* Frameworks */,
				3BAC103F2A347E9A00986DFC /* Resources */,
			);
			buildRules = (
			);
			dependencies = (
			);
			name = RickAndMorty;
			productName = RickAndMorty;
			productReference = 3BAC10412A347E9A00986DFC /* RickAndMorty.app */;
			productType = "com.apple.product-type.application";
		};
		3BAC10562A347E9B00986DFC /* RickAndMortyTests */ = {
			isa = PBXNativeTarget;
			buildConfigurationList = 3BAC106E2A347E9B00986DFC /* Build configuration list for PBXNativeTarget "RickAndMortyTests" */;
			buildPhases = (
				3BAC10532A347E9B00986DFC /* Sources */,
				3BAC10542A347E9B00986DFC /* Frameworks */,
				3BAC10552A347E9B00986DFC /* Resources */,
			);
			buildRules = (
			);
			dependencies = (
				3BAC10592A347E9B00986DFC /* PBXTargetDependency */,
			);
			name = RickAndMortyTests;
			productName = RickAndMortyTests;
			productReference = 3BAC10572A347E9B00986DFC /* RickAndMortyTests.xctest */;
			productType = "com.apple.product-type.bundle.unit-test";
		};
		3BAC10602A347E9B00986DFC /* RickAndMortyUITests */ = {
			isa = PBXNativeTarget;
			buildConfigurationList = 3BAC10712A347E9B00986DFC /* Build configuration list for PBXNativeTarget "RickAndMortyUITests" */;
			buildPhases = (
				3BAC105D2A347E9B00986DFC /* Sources */,
				3BAC105E2A347E9B00986DFC /* Frameworks */,
				3BAC105F2A347E9B00986DFC /* Resources */,
			);
			buildRules = (
			);
			dependencies = (
				3BAC10632A347E9B00986DFC /* PBXTargetDependency */,
			);
			name = RickAndMortyUITests;
			productName = RickAndMortyUITests;
			productReference = 3BAC10612A347E9B00986DFC /* RickAndMortyUITests.xctest */;
			productType = "com.apple.product-type.bundle.ui-testing";
		};
/* End PBXNativeTarget section */

/* Begin PBXProject section */
		3BAC10392A347E9A00986DFC /* Project object */ = {
			isa = PBXProject;
			attributes = {
				BuildIndependentTargetsInParallel = 1;
				LastSwiftUpdateCheck = 1430;
				LastUpgradeCheck = 1430;
				TargetAttributes = {
					3BAC10402A347E9A00986DFC = {
						CreatedOnToolsVersion = 14.3.1;
					};
					3BAC10562A347E9B00986DFC = {
						CreatedOnToolsVersion = 14.3.1;
						TestTargetID = 3BAC10402A347E9A00986DFC;
					};
					3BAC10602A347E9B00986DFC = {
						CreatedOnToolsVersion = 14.3.1;
						TestTargetID = 3BAC10402A347E9A00986DFC;
					};
				};
			};
			buildConfigurationList = 3BAC103C2A347E9A00986DFC /* Build configuration list for PBXProject "RickAndMorty" */;
			compatibilityVersion = "Xcode 14.0";
			developmentRegion = en;
			hasScannedForEncodings = 0;
			knownRegions = (
				en,
				Base,
			);
			mainGroup = 3BAC10382A347E9A00986DFC;
			productRefGroup = 3BAC10422A347E9A00986DFC /* Products */;
			projectDirPath = "";
			projectRoot = "";
			targets = (
				3BAC10402A347E9A00986DFC /* RickAndMorty */,
				3BAC10562A347E9B00986DFC /* RickAndMortyTests */,
				3BAC10602A347E9B00986DFC /* RickAndMortyUITests */,
			);
		};
/* End PBXProject section */

/* Begin PBXResourcesBuildPhase section */
		3BAC103F2A347E9A00986DFC /* Resources */ = {
			isa = PBXResourcesBuildPhase;
			buildActionMask = 2147483647;
			files = (
				3BAC10512A347E9B00986DFC /* LaunchScreen.storyboard in Resources */,
				3BAC104E2A347E9B00986DFC /* Assets.xcassets in Resources */,
			);
			runOnlyForDeploymentPostprocessing = 0;
		};
		3BAC10552A347E9B00986DFC /* Resources */ = {
			isa = PBXResourcesBuildPhase;
			buildActionMask = 2147483647;
			files = (
			);
			runOnlyForDeploymentPostprocessing = 0;
		};
		3BAC105F2A347E9B00986DFC /* Resources */ = {
			isa = PBXResourcesBuildPhase;
			buildActionMask = 2147483647;
			files = (
			);
			runOnlyForDeploymentPostprocessing = 0;
		};
/* End PBXResourcesBuildPhase section */

/* Begin PBXSourcesBuildPhase section */
		3BAC103D2A347E9A00986DFC /* Sources */ = {
			isa = PBXSourcesBuildPhase;
			buildActionMask = 2147483647;
			files = (
				3BF06EE62A35F7130051B124 /* RMLocationViewModel.swift in Sources */,
				3B3A22EF2A401DD0007E774A /* RMLocationView.swift in Sources */,
				3BE54AA42A5D6C4A001CE3CD /* RMLocationLoaderCollectionReusableView.swift in Sources */,
				3BF06EE42A35F7050051B124 /* RMCharacterViewModel.swift in Sources */,
				3BAC107E2A3480E800986DFC /* RMLocationModel.swift in Sources */,
				3B75AE052A34B4A400EDFC10 /* RMRequest.swift in Sources */,
				3B6B16C32A50C18900DE5486 /* RMLocationCollectionViewCell.swift in Sources */,
				3BED0A612A699BA00069FCAA /* RMCharacterDetailViewPhotoCollectionViewCell.swift in Sources */,
				3B70330F2A5C33610011C689 /* RMCharacterDetailViewController.swift in Sources */,
				3B2B1F5C2A7D5096004D91DD /* RMDateFormatter.swift in Sources */,
				3B49949C2A457B6E00E26570 /* RMCharacterCollectionViewCell.swift in Sources */,
				3B7033112A5C34AD0011C689 /* RMCharacterDetailView.swift in Sources */,
				3BAC10492A347E9A00986DFC /* RMTabBarController.swift in Sources */,
				3B56A30B2A7BDC2E0060463E /* RMEpisodeDetailViewInfoCollectionViewCellViewModel.swift in Sources */,
				3B56A30D2A7C3E0C0060463E /* RMEpisodeDetailViewInfoCollectionViewCell.swift in Sources */,
				3B4954242A6D71210044EA0D /* RMEpisodeView.swift in Sources */,
				3B1DA60A2A6408EF00C45487 /* RMImageDownloader.swift in Sources */,
				3BAC10452A347E9A00986DFC /* AppDelegate.swift in Sources */,
				3BF06EEA2A35FBC80051B124 /* RMCharacterView.swift in Sources */,
				3B309EDD2A73107500AE9D4E /* RMEpisodeDetailViewController.swift in Sources */,
				3BAC107C2A3480DB00986DFC /* RMCharacterModel.swift in Sources */,
				3B5765062A471298008C427E /* RMCharacterCollectionViewCellViewModel.swift in Sources */,
				3BAC10802A3480F600986DFC /* RMEpisodeModel.swift in Sources */,
				3BAC10472A347E9A00986DFC /* SceneDelegate.swift in Sources */,
				3BF06EEC2A360FEE0051B124 /* Extensions.swift in Sources */,
				3BAC10822A34847D00986DFC /* RMCharacterViewController.swift in Sources */,
				3B7033132A5C34E20011C689 /* RMCharacterDetailViewViewModel.swift in Sources */,
				3B309EDB2A72D04200AE9D4E /* RMEpisodeTableViewCellViewModel.swift in Sources */,
				3BF06EE82A35F7210051B124 /* RMEpisodeViewModel.swift in Sources */,
				3B6E09722A73E35800B48B02 /* RMEpisodeDetailView.swift in Sources */,
				3BED0A632A699BB90069FCAA /* RMCharacterDetailViewInfoCollectionViewCell.swift in Sources */,
				3BED0A672A699C6F0069FCAA /* RMCharacterDetailViewPhotoCollectionViewCellViewModel.swift in Sources */,
				3B309ED52A72CBF800AE9D4E /* RMEpisodeTableViewCell.swift in Sources */,
				3B309ED92A72D01400AE9D4E /* RMLocationCollectionViewCellViewModel.swift in Sources */,
				3B2B1F5E2A7D8780004D91DD /* RMTableLoadingFooterView.swift in Sources */,
				3BAC10842A34848E00986DFC /* RMEpisodeViewController.swift in Sources */,
				3B75AE072A34B4B000EDFC10 /* RMApiCall.swift in Sources */,
				3B56A3092A7BD7510060463E /* RMEpisodeDetailViewViewModel.swift in Sources */,
				3BED0A692A699C7D0069FCAA /* RMCharacterDetailViewInfoCollectionViewCellViewModel.swift in Sources */,
			);
			runOnlyForDeploymentPostprocessing = 0;
		};
		3BAC10532A347E9B00986DFC /* Sources */ = {
			isa = PBXSourcesBuildPhase;
			buildActionMask = 2147483647;
			files = (
				3BAC105C2A347E9B00986DFC /* RickAndMortyTests.swift in Sources */,
			);
			runOnlyForDeploymentPostprocessing = 0;
		};
		3BAC105D2A347E9B00986DFC /* Sources */ = {
			isa = PBXSourcesBuildPhase;
			buildActionMask = 2147483647;
			files = (
				3BAC10662A347E9B00986DFC /* RickAndMortyUITests.swift in Sources */,
				3BAC10682A347E9B00986DFC /* RickAndMortyUITestsLaunchTests.swift in Sources */,
			);
			runOnlyForDeploymentPostprocessing = 0;
		};
/* End PBXSourcesBuildPhase section */

/* Begin PBXTargetDependency section */
		3BAC10592A347E9B00986DFC /* PBXTargetDependency */ = {
			isa = PBXTargetDependency;
			target = 3BAC10402A347E9A00986DFC /* RickAndMorty */;
			targetProxy = 3BAC10582A347E9B00986DFC /* PBXContainerItemProxy */;
		};
		3BAC10632A347E9B00986DFC /* PBXTargetDependency */ = {
			isa = PBXTargetDependency;
			target = 3BAC10402A347E9A00986DFC /* RickAndMorty */;
			targetProxy = 3BAC10622A347E9B00986DFC /* PBXContainerItemProxy */;
		};
/* End PBXTargetDependency section */

/* Begin PBXVariantGroup section */
		3BAC104F2A347E9B00986DFC /* LaunchScreen.storyboard */ = {
			isa = PBXVariantGroup;
			children = (
				3BAC10502A347E9B00986DFC /* Base */,
			);
			name = LaunchScreen.storyboard;
			sourceTree = "<group>";
		};
/* End PBXVariantGroup section */

/* Begin XCBuildConfiguration section */
		3BAC10692A347E9B00986DFC /* Debug */ = {
			isa = XCBuildConfiguration;
			buildSettings = {
				ALWAYS_SEARCH_USER_PATHS = NO;
				CLANG_ANALYZER_NONNULL = YES;
				CLANG_ANALYZER_NUMBER_OBJECT_CONVERSION = YES_AGGRESSIVE;
				CLANG_CXX_LANGUAGE_STANDARD = "gnu++20";
				CLANG_ENABLE_MODULES = YES;
				CLANG_ENABLE_OBJC_ARC = YES;
				CLANG_ENABLE_OBJC_WEAK = YES;
				CLANG_WARN_BLOCK_CAPTURE_AUTORELEASING = YES;
				CLANG_WARN_BOOL_CONVERSION = YES;
				CLANG_WARN_COMMA = YES;
				CLANG_WARN_CONSTANT_CONVERSION = YES;
				CLANG_WARN_DEPRECATED_OBJC_IMPLEMENTATIONS = YES;
				CLANG_WARN_DIRECT_OBJC_ISA_USAGE = YES_ERROR;
				CLANG_WARN_DOCUMENTATION_COMMENTS = YES;
				CLANG_WARN_EMPTY_BODY = YES;
				CLANG_WARN_ENUM_CONVERSION = YES;
				CLANG_WARN_INFINITE_RECURSION = YES;
				CLANG_WARN_INT_CONVERSION = YES;
				CLANG_WARN_NON_LITERAL_NULL_CONVERSION = YES;
				CLANG_WARN_OBJC_IMPLICIT_RETAIN_SELF = YES;
				CLANG_WARN_OBJC_LITERAL_CONVERSION = YES;
				CLANG_WARN_OBJC_ROOT_CLASS = YES_ERROR;
				CLANG_WARN_QUOTED_INCLUDE_IN_FRAMEWORK_HEADER = YES;
				CLANG_WARN_RANGE_LOOP_ANALYSIS = YES;
				CLANG_WARN_STRICT_PROTOTYPES = YES;
				CLANG_WARN_SUSPICIOUS_MOVE = YES;
				CLANG_WARN_UNGUARDED_AVAILABILITY = YES_AGGRESSIVE;
				CLANG_WARN_UNREACHABLE_CODE = YES;
				CLANG_WARN__DUPLICATE_METHOD_MATCH = YES;
				COPY_PHASE_STRIP = NO;
				DEBUG_INFORMATION_FORMAT = dwarf;
				ENABLE_STRICT_OBJC_MSGSEND = YES;
				ENABLE_TESTABILITY = YES;
				GCC_C_LANGUAGE_STANDARD = gnu11;
				GCC_DYNAMIC_NO_PIC = NO;
				GCC_NO_COMMON_BLOCKS = YES;
				GCC_OPTIMIZATION_LEVEL = 0;
				GCC_PREPROCESSOR_DEFINITIONS = (
					"DEBUG=1",
					"$(inherited)",
				);
				GCC_WARN_64_TO_32_BIT_CONVERSION = YES;
				GCC_WARN_ABOUT_RETURN_TYPE = YES_ERROR;
				GCC_WARN_UNDECLARED_SELECTOR = YES;
				GCC_WARN_UNINITIALIZED_AUTOS = YES_AGGRESSIVE;
				GCC_WARN_UNUSED_FUNCTION = YES;
				GCC_WARN_UNUSED_VARIABLE = YES;
				IPHONEOS_DEPLOYMENT_TARGET = 16.4;
				MTL_ENABLE_DEBUG_INFO = INCLUDE_SOURCE;
				MTL_FAST_MATH = YES;
				ONLY_ACTIVE_ARCH = YES;
				SDKROOT = iphoneos;
				SWIFT_ACTIVE_COMPILATION_CONDITIONS = DEBUG;
				SWIFT_OPTIMIZATION_LEVEL = "-Onone";
			};
			name = Debug;
		};
		3BAC106A2A347E9B00986DFC /* Release */ = {
			isa = XCBuildConfiguration;
			buildSettings = {
				ALWAYS_SEARCH_USER_PATHS = NO;
				CLANG_ANALYZER_NONNULL = YES;
				CLANG_ANALYZER_NUMBER_OBJECT_CONVERSION = YES_AGGRESSIVE;
				CLANG_CXX_LANGUAGE_STANDARD = "gnu++20";
				CLANG_ENABLE_MODULES = YES;
				CLANG_ENABLE_OBJC_ARC = YES;
				CLANG_ENABLE_OBJC_WEAK = YES;
				CLANG_WARN_BLOCK_CAPTURE_AUTORELEASING = YES;
				CLANG_WARN_BOOL_CONVERSION = YES;
				CLANG_WARN_COMMA = YES;
				CLANG_WARN_CONSTANT_CONVERSION = YES;
				CLANG_WARN_DEPRECATED_OBJC_IMPLEMENTATIONS = YES;
				CLANG_WARN_DIRECT_OBJC_ISA_USAGE = YES_ERROR;
				CLANG_WARN_DOCUMENTATION_COMMENTS = YES;
				CLANG_WARN_EMPTY_BODY = YES;
				CLANG_WARN_ENUM_CONVERSION = YES;
				CLANG_WARN_INFINITE_RECURSION = YES;
				CLANG_WARN_INT_CONVERSION = YES;
				CLANG_WARN_NON_LITERAL_NULL_CONVERSION = YES;
				CLANG_WARN_OBJC_IMPLICIT_RETAIN_SELF = YES;
				CLANG_WARN_OBJC_LITERAL_CONVERSION = YES;
				CLANG_WARN_OBJC_ROOT_CLASS = YES_ERROR;
				CLANG_WARN_QUOTED_INCLUDE_IN_FRAMEWORK_HEADER = YES;
				CLANG_WARN_RANGE_LOOP_ANALYSIS = YES;
				CLANG_WARN_STRICT_PROTOTYPES = YES;
				CLANG_WARN_SUSPICIOUS_MOVE = YES;
				CLANG_WARN_UNGUARDED_AVAILABILITY = YES_AGGRESSIVE;
				CLANG_WARN_UNREACHABLE_CODE = YES;
				CLANG_WARN__DUPLICATE_METHOD_MATCH = YES;
				COPY_PHASE_STRIP = NO;
				DEBUG_INFORMATION_FORMAT = "dwarf-with-dsym";
				ENABLE_NS_ASSERTIONS = NO;
				ENABLE_STRICT_OBJC_MSGSEND = YES;
				GCC_C_LANGUAGE_STANDARD = gnu11;
				GCC_NO_COMMON_BLOCKS = YES;
				GCC_WARN_64_TO_32_BIT_CONVERSION = YES;
				GCC_WARN_ABOUT_RETURN_TYPE = YES_ERROR;
				GCC_WARN_UNDECLARED_SELECTOR = YES;
				GCC_WARN_UNINITIALIZED_AUTOS = YES_AGGRESSIVE;
				GCC_WARN_UNUSED_FUNCTION = YES;
				GCC_WARN_UNUSED_VARIABLE = YES;
				IPHONEOS_DEPLOYMENT_TARGET = 16.4;
				MTL_ENABLE_DEBUG_INFO = NO;
				MTL_FAST_MATH = YES;
				SDKROOT = iphoneos;
				SWIFT_COMPILATION_MODE = wholemodule;
				SWIFT_OPTIMIZATION_LEVEL = "-O";
				VALIDATE_PRODUCT = YES;
			};
			name = Release;
		};
		3BAC106C2A347E9B00986DFC /* Debug */ = {
			isa = XCBuildConfiguration;
			buildSettings = {
				ASSETCATALOG_COMPILER_APPICON_NAME = AppIcon;
				ASSETCATALOG_COMPILER_GLOBAL_ACCENT_COLOR_NAME = AccentColor;
				CODE_SIGN_STYLE = Automatic;
				CURRENT_PROJECT_VERSION = 1;
				DEVELOPMENT_TEAM = GC4L7S8Y7X;
				GENERATE_INFOPLIST_FILE = YES;
				INFOPLIST_FILE = RickAndMorty/Info.plist;
				INFOPLIST_KEY_UIApplicationSupportsIndirectInputEvents = YES;
				INFOPLIST_KEY_UILaunchStoryboardName = LaunchScreen;
				INFOPLIST_KEY_UISupportedInterfaceOrientations_iPad = "UIInterfaceOrientationPortrait UIInterfaceOrientationPortraitUpsideDown UIInterfaceOrientationLandscapeLeft UIInterfaceOrientationLandscapeRight";
				INFOPLIST_KEY_UISupportedInterfaceOrientations_iPhone = "UIInterfaceOrientationPortrait UIInterfaceOrientationLandscapeLeft UIInterfaceOrientationLandscapeRight";
				LD_RUNPATH_SEARCH_PATHS = (
					"$(inherited)",
					"@executable_path/Frameworks",
				);
				MARKETING_VERSION = 1.0;
				PRODUCT_BUNDLE_IDENTIFIER = com.muharremkoroglu.RickAndMorty;
				PRODUCT_NAME = "$(TARGET_NAME)";
				SWIFT_EMIT_LOC_STRINGS = YES;
				SWIFT_VERSION = 5.0;
				TARGETED_DEVICE_FAMILY = "1,2";
			};
			name = Debug;
		};
		3BAC106D2A347E9B00986DFC /* Release */ = {
			isa = XCBuildConfiguration;
			buildSettings = {
				ASSETCATALOG_COMPILER_APPICON_NAME = AppIcon;
				ASSETCATALOG_COMPILER_GLOBAL_ACCENT_COLOR_NAME = AccentColor;
				CODE_SIGN_STYLE = Automatic;
				CURRENT_PROJECT_VERSION = 1;
				DEVELOPMENT_TEAM = GC4L7S8Y7X;
				GENERATE_INFOPLIST_FILE = YES;
				INFOPLIST_FILE = RickAndMorty/Info.plist;
				INFOPLIST_KEY_UIApplicationSupportsIndirectInputEvents = YES;
				INFOPLIST_KEY_UILaunchStoryboardName = LaunchScreen;
				INFOPLIST_KEY_UISupportedInterfaceOrientations_iPad = "UIInterfaceOrientationPortrait UIInterfaceOrientationPortraitUpsideDown UIInterfaceOrientationLandscapeLeft UIInterfaceOrientationLandscapeRight";
				INFOPLIST_KEY_UISupportedInterfaceOrientations_iPhone = "UIInterfaceOrientationPortrait UIInterfaceOrientationLandscapeLeft UIInterfaceOrientationLandscapeRight";
				LD_RUNPATH_SEARCH_PATHS = (
					"$(inherited)",
					"@executable_path/Frameworks",
				);
				MARKETING_VERSION = 1.0;
				PRODUCT_BUNDLE_IDENTIFIER = com.muharremkoroglu.RickAndMorty;
				PRODUCT_NAME = "$(TARGET_NAME)";
				SWIFT_EMIT_LOC_STRINGS = YES;
				SWIFT_VERSION = 5.0;
				TARGETED_DEVICE_FAMILY = "1,2";
			};
			name = Release;
		};
		3BAC106F2A347E9B00986DFC /* Debug */ = {
			isa = XCBuildConfiguration;
			buildSettings = {
				ALWAYS_EMBED_SWIFT_STANDARD_LIBRARIES = YES;
				BUNDLE_LOADER = "$(TEST_HOST)";
				CODE_SIGN_STYLE = Automatic;
				CURRENT_PROJECT_VERSION = 1;
				DEVELOPMENT_TEAM = GC4L7S8Y7X;
				GENERATE_INFOPLIST_FILE = YES;
				IPHONEOS_DEPLOYMENT_TARGET = 16.4;
				MARKETING_VERSION = 1.0;
				PRODUCT_BUNDLE_IDENTIFIER = com.muharremkoroglu.RickAndMortyTests;
				PRODUCT_NAME = "$(TARGET_NAME)";
				SWIFT_EMIT_LOC_STRINGS = NO;
				SWIFT_VERSION = 5.0;
				TARGETED_DEVICE_FAMILY = "1,2";
				TEST_HOST = "$(BUILT_PRODUCTS_DIR)/RickAndMorty.app/$(BUNDLE_EXECUTABLE_FOLDER_PATH)/RickAndMorty";
			};
			name = Debug;
		};
		3BAC10702A347E9B00986DFC /* Release */ = {
			isa = XCBuildConfiguration;
			buildSettings = {
				ALWAYS_EMBED_SWIFT_STANDARD_LIBRARIES = YES;
				BUNDLE_LOADER = "$(TEST_HOST)";
				CODE_SIGN_STYLE = Automatic;
				CURRENT_PROJECT_VERSION = 1;
				DEVELOPMENT_TEAM = GC4L7S8Y7X;
				GENERATE_INFOPLIST_FILE = YES;
				IPHONEOS_DEPLOYMENT_TARGET = 16.4;
				MARKETING_VERSION = 1.0;
				PRODUCT_BUNDLE_IDENTIFIER = com.muharremkoroglu.RickAndMortyTests;
				PRODUCT_NAME = "$(TARGET_NAME)";
				SWIFT_EMIT_LOC_STRINGS = NO;
				SWIFT_VERSION = 5.0;
				TARGETED_DEVICE_FAMILY = "1,2";
				TEST_HOST = "$(BUILT_PRODUCTS_DIR)/RickAndMorty.app/$(BUNDLE_EXECUTABLE_FOLDER_PATH)/RickAndMorty";
			};
			name = Release;
		};
		3BAC10722A347E9B00986DFC /* Debug */ = {
			isa = XCBuildConfiguration;
			buildSettings = {
				ALWAYS_EMBED_SWIFT_STANDARD_LIBRARIES = YES;
				CODE_SIGN_STYLE = Automatic;
				CURRENT_PROJECT_VERSION = 1;
				DEVELOPMENT_TEAM = GC4L7S8Y7X;
				GENERATE_INFOPLIST_FILE = YES;
				MARKETING_VERSION = 1.0;
				PRODUCT_BUNDLE_IDENTIFIER = com.muharremkoroglu.RickAndMortyUITests;
				PRODUCT_NAME = "$(TARGET_NAME)";
				SWIFT_EMIT_LOC_STRINGS = NO;
				SWIFT_VERSION = 5.0;
				TARGETED_DEVICE_FAMILY = "1,2";
				TEST_TARGET_NAME = RickAndMorty;
			};
			name = Debug;
		};
		3BAC10732A347E9B00986DFC /* Release */ = {
			isa = XCBuildConfiguration;
			buildSettings = {
				ALWAYS_EMBED_SWIFT_STANDARD_LIBRARIES = YES;
				CODE_SIGN_STYLE = Automatic;
				CURRENT_PROJECT_VERSION = 1;
				DEVELOPMENT_TEAM = GC4L7S8Y7X;
				GENERATE_INFOPLIST_FILE = YES;
				MARKETING_VERSION = 1.0;
				PRODUCT_BUNDLE_IDENTIFIER = com.muharremkoroglu.RickAndMortyUITests;
				PRODUCT_NAME = "$(TARGET_NAME)";
				SWIFT_EMIT_LOC_STRINGS = NO;
				SWIFT_VERSION = 5.0;
				TARGETED_DEVICE_FAMILY = "1,2";
				TEST_TARGET_NAME = RickAndMorty;
			};
			name = Release;
		};
/* End XCBuildConfiguration section */

/* Begin XCConfigurationList section */
		3BAC103C2A347E9A00986DFC /* Build configuration list for PBXProject "RickAndMorty" */ = {
			isa = XCConfigurationList;
			buildConfigurations = (
				3BAC10692A347E9B00986DFC /* Debug */,
				3BAC106A2A347E9B00986DFC /* Release */,
			);
			defaultConfigurationIsVisible = 0;
			defaultConfigurationName = Release;
		};
		3BAC106B2A347E9B00986DFC /* Build configuration list for PBXNativeTarget "RickAndMorty" */ = {
			isa = XCConfigurationList;
			buildConfigurations = (
				3BAC106C2A347E9B00986DFC /* Debug */,
				3BAC106D2A347E9B00986DFC /* Release */,
			);
			defaultConfigurationIsVisible = 0;
			defaultConfigurationName = Release;
		};
		3BAC106E2A347E9B00986DFC /* Build configuration list for PBXNativeTarget "RickAndMortyTests" */ = {
			isa = XCConfigurationList;
			buildConfigurations = (
				3BAC106F2A347E9B00986DFC /* Debug */,
				3BAC10702A347E9B00986DFC /* Release */,
			);
			defaultConfigurationIsVisible = 0;
			defaultConfigurationName = Release;
		};
		3BAC10712A347E9B00986DFC /* Build configuration list for PBXNativeTarget "RickAndMortyUITests" */ = {
			isa = XCConfigurationList;
			buildConfigurations = (
				3BAC10722A347E9B00986DFC /* Debug */,
				3BAC10732A347E9B00986DFC /* Release */,
			);
			defaultConfigurationIsVisible = 0;
			defaultConfigurationName = Release;
		};
/* End XCConfigurationList section */
	};
	rootObject = 3BAC10392A347E9A00986DFC /* Project object */;
}
